// !$*UTF8*$!
{
	archiveVersion = 1;
	classes = {
	};
	objectVersion = 55;
	objects = {

/* Begin PBXBuildFile section */
		96FD469E230E889EA4B49C9A /* Pods_Stocks.framework in Frameworks */ = {isa = PBXBuildFile; fileRef = E03EE4DF72D0ABEDD90CAA71 /* Pods_Stocks.framework */; };
		FB4802912878DA0B0068D9AF /* HapticsManager.swift in Sources */ = {isa = PBXBuildFile; fileRef = FB4802902878DA0B0068D9AF /* HapticsManager.swift */; };
		FB85B4C028A2943A00E3E5C9 /* PersistenceManager.swift in Sources */ = {isa = PBXBuildFile; fileRef = FB85B4BF28A2943A00E3E5C9 /* PersistenceManager.swift */; };
		FB85B4C228A2945500E3E5C9 /* APICaller.swift in Sources */ = {isa = PBXBuildFile; fileRef = FB85B4C128A2945500E3E5C9 /* APICaller.swift */; };
		FB85B4C428A2D09A00E3E5C9 /* Extensions.swift in Sources */ = {isa = PBXBuildFile; fileRef = FB85B4C328A2D09A00E3E5C9 /* Extensions.swift */; };
		FB85B4C628A2DD9B00E3E5C9 /* SearchResultTableViewCell.swift in Sources */ = {isa = PBXBuildFile; fileRef = FB85B4C528A2DD9B00E3E5C9 /* SearchResultTableViewCell.swift */; };
		FB85B4C828A4094B00E3E5C9 /* SearchResponse.swift in Sources */ = {isa = PBXBuildFile; fileRef = FB85B4C728A4094A00E3E5C9 /* SearchResponse.swift */; };
		FB8CBA582878A44B003D6C31 /* AppDelegate.swift in Sources */ = {isa = PBXBuildFile; fileRef = FB8CBA572878A44B003D6C31 /* AppDelegate.swift */; };
		FB8CBA5A2878A44B003D6C31 /* SceneDelegate.swift in Sources */ = {isa = PBXBuildFile; fileRef = FB8CBA592878A44B003D6C31 /* SceneDelegate.swift */; };
		FB8CBA5C2878A44B003D6C31 /* WatchListViewController.swift in Sources */ = {isa = PBXBuildFile; fileRef = FB8CBA5B2878A44B003D6C31 /* WatchListViewController.swift */; };
		FB8CBA612878A450003D6C31 /* Assets.xcassets in Resources */ = {isa = PBXBuildFile; fileRef = FB8CBA602878A450003D6C31 /* Assets.xcassets */; };
		FB8CBA642878A450003D6C31 /* LaunchScreen.storyboard in Resources */ = {isa = PBXBuildFile; fileRef = FB8CBA622878A450003D6C31 /* LaunchScreen.storyboard */; };
		FB8CBA712878A614003D6C31 /* NewsViewController.swift in Sources */ = {isa = PBXBuildFile; fileRef = FB8CBA702878A614003D6C31 /* NewsViewController.swift */; };
		FB8CBA732878A63C003D6C31 /* SearchResultsViewController.swift in Sources */ = {isa = PBXBuildFile; fileRef = FB8CBA722878A63C003D6C31 /* SearchResultsViewController.swift */; };
		FB8CBA752878A65B003D6C31 /* StockDetailsViewController.swift in Sources */ = {isa = PBXBuildFile; fileRef = FB8CBA742878A65B003D6C31 /* StockDetailsViewController.swift */; };
		FB9AD7ED28AA701E00DE9100 /* NewsHeaderView.swift in Sources */ = {isa = PBXBuildFile; fileRef = FB9AD7EC28AA701E00DE9100 /* NewsHeaderView.swift */; };
		FB9AD7F128AABEC400DE9100 /* NewsStory.swift in Sources */ = {isa = PBXBuildFile; fileRef = FB9AD7F028AABEC400DE9100 /* NewsStory.swift */; };
		FBFB03A728A44CF6006A87B6 /* PanelViewController.swift in Sources */ = {isa = PBXBuildFile; fileRef = FBFB03A628A44CF6006A87B6 /* PanelViewController.swift */; };
/* End PBXBuildFile section */

/* Begin PBXFileReference section */
		0291AB1E5D8DFC09397E96BA /* Pods-Stocks.release.xcconfig */ = {isa = PBXFileReference; includeInIndex = 1; lastKnownFileType = text.xcconfig; name = "Pods-Stocks.release.xcconfig"; path = "Target Support Files/Pods-Stocks/Pods-Stocks.release.xcconfig"; sourceTree = "<group>"; };
		E03EE4DF72D0ABEDD90CAA71 /* Pods_Stocks.framework */ = {isa = PBXFileReference; explicitFileType = wrapper.framework; includeInIndex = 0; path = Pods_Stocks.framework; sourceTree = BUILT_PRODUCTS_DIR; };
		EAE68606B9AA23102C4E5E19 /* Pods-Stocks.debug.xcconfig */ = {isa = PBXFileReference; includeInIndex = 1; lastKnownFileType = text.xcconfig; name = "Pods-Stocks.debug.xcconfig"; path = "Target Support Files/Pods-Stocks/Pods-Stocks.debug.xcconfig"; sourceTree = "<group>"; };
		FB4802902878DA0B0068D9AF /* HapticsManager.swift */ = {isa = PBXFileReference; lastKnownFileType = sourcecode.swift; path = HapticsManager.swift; sourceTree = "<group>"; };
		FB85B4BF28A2943A00E3E5C9 /* PersistenceManager.swift */ = {isa = PBXFileReference; lastKnownFileType = sourcecode.swift; path = PersistenceManager.swift; sourceTree = "<group>"; };
		FB85B4C128A2945500E3E5C9 /* APICaller.swift */ = {isa = PBXFileReference; lastKnownFileType = sourcecode.swift; path = APICaller.swift; sourceTree = "<group>"; };
		FB85B4C328A2D09A00E3E5C9 /* Extensions.swift */ = {isa = PBXFileReference; lastKnownFileType = sourcecode.swift; path = Extensions.swift; sourceTree = "<group>"; };
		FB85B4C528A2DD9B00E3E5C9 /* SearchResultTableViewCell.swift */ = {isa = PBXFileReference; lastKnownFileType = sourcecode.swift; path = SearchResultTableViewCell.swift; sourceTree = "<group>"; };
		FB85B4C728A4094A00E3E5C9 /* SearchResponse.swift */ = {isa = PBXFileReference; lastKnownFileType = sourcecode.swift; path = SearchResponse.swift; sourceTree = "<group>"; };
		FB8CBA542878A44B003D6C31 /* Stocks.app */ = {isa = PBXFileReference; explicitFileType = wrapper.application; includeInIndex = 0; path = Stocks.app; sourceTree = BUILT_PRODUCTS_DIR; };
		FB8CBA572878A44B003D6C31 /* AppDelegate.swift */ = {isa = PBXFileReference; lastKnownFileType = sourcecode.swift; path = AppDelegate.swift; sourceTree = "<group>"; };
		FB8CBA592878A44B003D6C31 /* SceneDelegate.swift */ = {isa = PBXFileReference; lastKnownFileType = sourcecode.swift; path = SceneDelegate.swift; sourceTree = "<group>"; };
		FB8CBA5B2878A44B003D6C31 /* WatchListViewController.swift */ = {isa = PBXFileReference; lastKnownFileType = sourcecode.swift; path = WatchListViewController.swift; sourceTree = "<group>"; };
		FB8CBA602878A450003D6C31 /* Assets.xcassets */ = {isa = PBXFileReference; lastKnownFileType = folder.assetcatalog; path = Assets.xcassets; sourceTree = "<group>"; };
		FB8CBA632878A450003D6C31 /* Base */ = {isa = PBXFileReference; lastKnownFileType = file.storyboard; name = Base; path = Base.lproj/LaunchScreen.storyboard; sourceTree = "<group>"; };
		FB8CBA652878A450003D6C31 /* Info.plist */ = {isa = PBXFileReference; lastKnownFileType = text.plist.xml; path = Info.plist; sourceTree = "<group>"; };
		FB8CBA702878A614003D6C31 /* NewsViewController.swift */ = {isa = PBXFileReference; lastKnownFileType = sourcecode.swift; path = NewsViewController.swift; sourceTree = "<group>"; };
		FB8CBA722878A63C003D6C31 /* SearchResultsViewController.swift */ = {isa = PBXFileReference; lastKnownFileType = sourcecode.swift; path = SearchResultsViewController.swift; sourceTree = "<group>"; };
		FB8CBA742878A65B003D6C31 /* StockDetailsViewController.swift */ = {isa = PBXFileReference; lastKnownFileType = sourcecode.swift; path = StockDetailsViewController.swift; sourceTree = "<group>"; };
		FB9AD7EC28AA701E00DE9100 /* NewsHeaderView.swift */ = {isa = PBXFileReference; lastKnownFileType = sourcecode.swift; path = NewsHeaderView.swift; sourceTree = "<group>"; };
		FB9AD7F028AABEC400DE9100 /* NewsStory.swift */ = {isa = PBXFileReference; lastKnownFileType = sourcecode.swift; path = NewsStory.swift; sourceTree = "<group>"; };
		FBFB03A628A44CF6006A87B6 /* PanelViewController.swift */ = {isa = PBXFileReference; lastKnownFileType = sourcecode.swift; path = PanelViewController.swift; sourceTree = "<group>"; };
/* End PBXFileReference section */

/* Begin PBXFrameworksBuildPhase section */
		FB8CBA512878A44B003D6C31 /* Frameworks */ = {
			isa = PBXFrameworksBuildPhase;
			buildActionMask = 2147483647;
			files = (
				96FD469E230E889EA4B49C9A /* Pods_Stocks.framework in Frameworks */,
			);
			runOnlyForDeploymentPostprocessing = 0;
		};
/* End PBXFrameworksBuildPhase section */

/* Begin PBXGroup section */
		06696ED4188DA230928FA456 /* Frameworks */ = {
			isa = PBXGroup;
			children = (
				E03EE4DF72D0ABEDD90CAA71 /* Pods_Stocks.framework */,
			);
			name = Frameworks;
			sourceTree = "<group>";
		};
		C6D5D3AF299002E349800710 /* Pods */ = {
			isa = PBXGroup;
			children = (
				EAE68606B9AA23102C4E5E19 /* Pods-Stocks.debug.xcconfig */,
				0291AB1E5D8DFC09397E96BA /* Pods-Stocks.release.xcconfig */,
			);
			path = Pods;
			sourceTree = "<group>";
		};
		FB8CBA4B2878A44B003D6C31 = {
			isa = PBXGroup;
			children = (
				FB8CBA562878A44B003D6C31 /* Stocks */,
				FB8CBA552878A44B003D6C31 /* Products */,
				C6D5D3AF299002E349800710 /* Pods */,
				06696ED4188DA230928FA456 /* Frameworks */,
			);
			sourceTree = "<group>";
		};
		FB8CBA552878A44B003D6C31 /* Products */ = {
			isa = PBXGroup;
			children = (
				FB8CBA542878A44B003D6C31 /* Stocks.app */,
			);
			name = Products;
			sourceTree = "<group>";
		};
		FB8CBA562878A44B003D6C31 /* Stocks */ = {
			isa = PBXGroup;
			children = (
				FB8CBA6F2878A4C6003D6C31 /* Other */,
				FB8CBA6E2878A4BD003D6C31 /* Managers */,
				FB8CBA6D2878A490003D6C31 /* Controllers */,
				FB8CBA6C2878A48B003D6C31 /* Views */,
				FB8CBA6B2878A481003D6C31 /* Models */,
				FB8CBA652878A450003D6C31 /* Info.plist */,
			);
			path = Stocks;
			sourceTree = "<group>";
		};
		FB8CBA6B2878A481003D6C31 /* Models */ = {
			isa = PBXGroup;
			children = (
				FB85B4C728A4094A00E3E5C9 /* SearchResponse.swift */,
				FB9AD7F028AABEC400DE9100 /* NewsStory.swift */,
			);
			path = Models;
			sourceTree = "<group>";
		};
		FB8CBA6C2878A48B003D6C31 /* Views */ = {
			isa = PBXGroup;
			children = (
				FB8CBA622878A450003D6C31 /* LaunchScreen.storyboard */,
				FB85B4C528A2DD9B00E3E5C9 /* SearchResultTableViewCell.swift */,
				FB9AD7EC28AA701E00DE9100 /* NewsHeaderView.swift */,
			);
			path = Views;
			sourceTree = "<group>";
		};
		FB8CBA6D2878A490003D6C31 /* Controllers */ = {
			isa = PBXGroup;
			children = (
				FB8CBA5B2878A44B003D6C31 /* WatchListViewController.swift */,
				FB8CBA702878A614003D6C31 /* NewsViewController.swift */,
				FB8CBA722878A63C003D6C31 /* SearchResultsViewController.swift */,
				FB8CBA742878A65B003D6C31 /* StockDetailsViewController.swift */,
				FBFB03A628A44CF6006A87B6 /* PanelViewController.swift */,
			);
			path = Controllers;
			sourceTree = "<group>";
		};
		FB8CBA6E2878A4BD003D6C31 /* Managers */ = {
			isa = PBXGroup;
			children = (
				FB4802902878DA0B0068D9AF /* HapticsManager.swift */,
				FB85B4BF28A2943A00E3E5C9 /* PersistenceManager.swift */,
				FB85B4C128A2945500E3E5C9 /* APICaller.swift */,
			);
			path = Managers;
			sourceTree = "<group>";
		};
		FB8CBA6F2878A4C6003D6C31 /* Other */ = {
			isa = PBXGroup;
			children = (
				FB8CBA602878A450003D6C31 /* Assets.xcassets */,
				FB8CBA572878A44B003D6C31 /* AppDelegate.swift */,
				FB8CBA592878A44B003D6C31 /* SceneDelegate.swift */,
				FB85B4C328A2D09A00E3E5C9 /* Extensions.swift */,
			);
			path = Other;
			sourceTree = "<group>";
		};
/* End PBXGroup section */

/* Begin PBXNativeTarget section */
		FB8CBA532878A44B003D6C31 /* Stocks */ = {
			isa = PBXNativeTarget;
			buildConfigurationList = FB8CBA682878A450003D6C31 /* Build configuration list for PBXNativeTarget "Stocks" */;
			buildPhases = (
				1681E10D844A19F11AFBF00A /* [CP] Check Pods Manifest.lock */,
				FB8CBA502878A44B003D6C31 /* Sources */,
				FB8CBA512878A44B003D6C31 /* Frameworks */,
				FB8CBA522878A44B003D6C31 /* Resources */,
				97C12188CB22584E509CC74D /* [CP] Embed Pods Frameworks */,
			);
			buildRules = (
			);
			dependencies = (
			);
			name = Stocks;
			productName = Stocks;
			productReference = FB8CBA542878A44B003D6C31 /* Stocks.app */;
			productType = "com.apple.product-type.application";
		};
/* End PBXNativeTarget section */

/* Begin PBXProject section */
		FB8CBA4C2878A44B003D6C31 /* Project object */ = {
			isa = PBXProject;
			attributes = {
				BuildIndependentTargetsInParallel = 1;
				LastSwiftUpdateCheck = 1310;
				LastUpgradeCheck = 1310;
				TargetAttributes = {
					FB8CBA532878A44B003D6C31 = {
						CreatedOnToolsVersion = 13.1;
					};
				};
			};
			buildConfigurationList = FB8CBA4F2878A44B003D6C31 /* Build configuration list for PBXProject "Stocks" */;
			compatibilityVersion = "Xcode 13.0";
			developmentRegion = en;
			hasScannedForEncodings = 0;
			knownRegions = (
				en,
				Base,
			);
			mainGroup = FB8CBA4B2878A44B003D6C31;
			productRefGroup = FB8CBA552878A44B003D6C31 /* Products */;
			projectDirPath = "";
			projectRoot = "";
			targets = (
				FB8CBA532878A44B003D6C31 /* Stocks */,
			);
		};
/* End PBXProject section */

/* Begin PBXResourcesBuildPhase section */
		FB8CBA522878A44B003D6C31 /* Resources */ = {
			isa = PBXResourcesBuildPhase;
			buildActionMask = 2147483647;
			files = (
				FB8CBA642878A450003D6C31 /* LaunchScreen.storyboard in Resources */,
				FB8CBA612878A450003D6C31 /* Assets.xcassets in Resources */,
			);
			runOnlyForDeploymentPostprocessing = 0;
		};
/* End PBXResourcesBuildPhase section */

/* Begin PBXShellScriptBuildPhase section */
		1681E10D844A19F11AFBF00A /* [CP] Check Pods Manifest.lock */ = {
			isa = PBXShellScriptBuildPhase;
			buildActionMask = 2147483647;
			files = (
			);
			inputFileListPaths = (
			);
			inputPaths = (
				"${PODS_PODFILE_DIR_PATH}/Podfile.lock",
				"${PODS_ROOT}/Manifest.lock",
			);
			name = "[CP] Check Pods Manifest.lock";
			outputFileListPaths = (
			);
			outputPaths = (
				"$(DERIVED_FILE_DIR)/Pods-Stocks-checkManifestLockResult.txt",
			);
			runOnlyForDeploymentPostprocessing = 0;
			shellPath = /bin/sh;
			shellScript = "diff \"${PODS_PODFILE_DIR_PATH}/Podfile.lock\" \"${PODS_ROOT}/Manifest.lock\" > /dev/null\nif [ $? != 0 ] ; then\n    # print error to STDERR\n    echo \"error: The sandbox is not in sync with the Podfile.lock. Run 'pod install' or update your CocoaPods installation.\" >&2\n    exit 1\nfi\n# This output is used by Xcode 'outputs' to avoid re-running this script phase.\necho \"SUCCESS\" > \"${SCRIPT_OUTPUT_FILE_0}\"\n";
			showEnvVarsInLog = 0;
		};
		97C12188CB22584E509CC74D /* [CP] Embed Pods Frameworks */ = {
			isa = PBXShellScriptBuildPhase;
			buildActionMask = 2147483647;
			files = (
			);
			inputFileListPaths = (
				"${PODS_ROOT}/Target Support Files/Pods-Stocks/Pods-Stocks-frameworks-${CONFIGURATION}-input-files.xcfilelist",
			);
			name = "[CP] Embed Pods Frameworks";
			outputFileListPaths = (
				"${PODS_ROOT}/Target Support Files/Pods-Stocks/Pods-Stocks-frameworks-${CONFIGURATION}-output-files.xcfilelist",
			);
			runOnlyForDeploymentPostprocessing = 0;
			shellPath = /bin/sh;
			shellScript = "\"${PODS_ROOT}/Target Support Files/Pods-Stocks/Pods-Stocks-frameworks.sh\"\n";
			showEnvVarsInLog = 0;
		};
/* End PBXShellScriptBuildPhase section */

/* Begin PBXSourcesBuildPhase section */
		FB8CBA502878A44B003D6C31 /* Sources */ = {
			isa = PBXSourcesBuildPhase;
			buildActionMask = 2147483647;
			files = (
				FB85B4C628A2DD9B00E3E5C9 /* SearchResultTableViewCell.swift in Sources */,
				FB85B4C228A2945500E3E5C9 /* APICaller.swift in Sources */,
				FB8CBA752878A65B003D6C31 /* StockDetailsViewController.swift in Sources */,
				FB8CBA732878A63C003D6C31 /* SearchResultsViewController.swift in Sources */,
				FB8CBA5C2878A44B003D6C31 /* WatchListViewController.swift in Sources */,
				FB85B4C028A2943A00E3E5C9 /* PersistenceManager.swift in Sources */,
				FB9AD7ED28AA701E00DE9100 /* NewsHeaderView.swift in Sources */,
				FB85B4C428A2D09A00E3E5C9 /* Extensions.swift in Sources */,
				FB4802912878DA0B0068D9AF /* HapticsManager.swift in Sources */,
				FB85B4C828A4094B00E3E5C9 /* SearchResponse.swift in Sources */,
				FB8CBA712878A614003D6C31 /* NewsViewController.swift in Sources */,
				FB9AD7F128AABEC400DE9100 /* NewsStory.swift in Sources */,
				FB8CBA582878A44B003D6C31 /* AppDelegate.swift in Sources */,
				FBFB03A728A44CF6006A87B6 /* PanelViewController.swift in Sources */,
				FB8CBA5A2878A44B003D6C31 /* SceneDelegate.swift in Sources */,
			);
			runOnlyForDeploymentPostprocessing = 0;
		};
/* End PBXSourcesBuildPhase section */

/* Begin PBXVariantGroup section */
		FB8CBA622878A450003D6C31 /* LaunchScreen.storyboard */ = {
			isa = PBXVariantGroup;
			children = (
				FB8CBA632878A450003D6C31 /* Base */,
			);
			name = LaunchScreen.storyboard;
			sourceTree = "<group>";
		};
/* End PBXVariantGroup section */

/* Begin XCBuildConfiguration section */
		FB8CBA662878A450003D6C31 /* Debug */ = {
			isa = XCBuildConfiguration;
			buildSettings = {
				ALWAYS_SEARCH_USER_PATHS = NO;
				CLANG_ANALYZER_NONNULL = YES;
				CLANG_ANALYZER_NUMBER_OBJECT_CONVERSION = YES_AGGRESSIVE;
				CLANG_CXX_LANGUAGE_STANDARD = "gnu++17";
				CLANG_CXX_LIBRARY = "libc++";
				CLANG_ENABLE_MODULES = YES;
				CLANG_ENABLE_OBJC_ARC = YES;
				CLANG_ENABLE_OBJC_WEAK = YES;
				CLANG_WARN_BLOCK_CAPTURE_AUTORELEASING = YES;
				CLANG_WARN_BOOL_CONVERSION = YES;
				CLANG_WARN_COMMA = YES;
				CLANG_WARN_CONSTANT_CONVERSION = YES;
				CLANG_WARN_DEPRECATED_OBJC_IMPLEMENTATIONS = YES;
				CLANG_WARN_DIRECT_OBJC_ISA_USAGE = YES_ERROR;
				CLANG_WARN_DOCUMENTATION_COMMENTS = YES;
				CLANG_WARN_EMPTY_BODY = YES;
				CLANG_WARN_ENUM_CONVERSION = YES;
				CLANG_WARN_INFINITE_RECURSION = YES;
				CLANG_WARN_INT_CONVERSION = YES;
				CLANG_WARN_NON_LITERAL_NULL_CONVERSION = YES;
				CLANG_WARN_OBJC_IMPLICIT_RETAIN_SELF = YES;
				CLANG_WARN_OBJC_LITERAL_CONVERSION = YES;
				CLANG_WARN_OBJC_ROOT_CLASS = YES_ERROR;
				CLANG_WARN_QUOTED_INCLUDE_IN_FRAMEWORK_HEADER = YES;
				CLANG_WARN_RANGE_LOOP_ANALYSIS = YES;
				CLANG_WARN_STRICT_PROTOTYPES = YES;
				CLANG_WARN_SUSPICIOUS_MOVE = YES;
				CLANG_WARN_UNGUARDED_AVAILABILITY = YES_AGGRESSIVE;
				CLANG_WARN_UNREACHABLE_CODE = YES;
				CLANG_WARN__DUPLICATE_METHOD_MATCH = YES;
				COPY_PHASE_STRIP = NO;
				DEBUG_INFORMATION_FORMAT = dwarf;
				ENABLE_STRICT_OBJC_MSGSEND = YES;
				ENABLE_TESTABILITY = YES;
				GCC_C_LANGUAGE_STANDARD = gnu11;
				GCC_DYNAMIC_NO_PIC = NO;
				GCC_NO_COMMON_BLOCKS = YES;
				GCC_OPTIMIZATION_LEVEL = 0;
				GCC_PREPROCESSOR_DEFINITIONS = (
					"DEBUG=1",
					"$(inherited)",
				);
				GCC_WARN_64_TO_32_BIT_CONVERSION = YES;
				GCC_WARN_ABOUT_RETURN_TYPE = YES_ERROR;
				GCC_WARN_UNDECLARED_SELECTOR = YES;
				GCC_WARN_UNINITIALIZED_AUTOS = YES_AGGRESSIVE;
				GCC_WARN_UNUSED_FUNCTION = YES;
				GCC_WARN_UNUSED_VARIABLE = YES;
				IPHONEOS_DEPLOYMENT_TARGET = 15.0;
				MTL_ENABLE_DEBUG_INFO = INCLUDE_SOURCE;
				MTL_FAST_MATH = YES;
				ONLY_ACTIVE_ARCH = YES;
				SDKROOT = iphoneos;
				SWIFT_ACTIVE_COMPILATION_CONDITIONS = DEBUG;
				SWIFT_OPTIMIZATION_LEVEL = "-Onone";
			};
			name = Debug;
		};
		FB8CBA672878A450003D6C31 /* Release */ = {
			isa = XCBuildConfiguration;
			buildSettings = {
				ALWAYS_SEARCH_USER_PATHS = NO;
				CLANG_ANALYZER_NONNULL = YES;
				CLANG_ANALYZER_NUMBER_OBJECT_CONVERSION = YES_AGGRESSIVE;
				CLANG_CXX_LANGUAGE_STANDARD = "gnu++17";
				CLANG_CXX_LIBRARY = "libc++";
				CLANG_ENABLE_MODULES = YES;
				CLANG_ENABLE_OBJC_ARC = YES;
				CLANG_ENABLE_OBJC_WEAK = YES;
				CLANG_WARN_BLOCK_CAPTURE_AUTORELEASING = YES;
				CLANG_WARN_BOOL_CONVERSION = YES;
				CLANG_WARN_COMMA = YES;
				CLANG_WARN_CONSTANT_CONVERSION = YES;
				CLANG_WARN_DEPRECATED_OBJC_IMPLEMENTATIONS = YES;
				CLANG_WARN_DIRECT_OBJC_ISA_USAGE = YES_ERROR;
				CLANG_WARN_DOCUMENTATION_COMMENTS = YES;
				CLANG_WARN_EMPTY_BODY = YES;
				CLANG_WARN_ENUM_CONVERSION = YES;
				CLANG_WARN_INFINITE_RECURSION = YES;
				CLANG_WARN_INT_CONVERSION = YES;
				CLANG_WARN_NON_LITERAL_NULL_CONVERSION = YES;
				CLANG_WARN_OBJC_IMPLICIT_RETAIN_SELF = YES;
				CLANG_WARN_OBJC_LITERAL_CONVERSION = YES;
				CLANG_WARN_OBJC_ROOT_CLASS = YES_ERROR;
				CLANG_WARN_QUOTED_INCLUDE_IN_FRAMEWORK_HEADER = YES;
				CLANG_WARN_RANGE_LOOP_ANALYSIS = YES;
				CLANG_WARN_STRICT_PROTOTYPES = YES;
				CLANG_WARN_SUSPICIOUS_MOVE = YES;
				CLANG_WARN_UNGUARDED_AVAILABILITY = YES_AGGRESSIVE;
				CLANG_WARN_UNREACHABLE_CODE = YES;
				CLANG_WARN__DUPLICATE_METHOD_MATCH = YES;
				COPY_PHASE_STRIP = NO;
				DEBUG_INFORMATION_FORMAT = "dwarf-with-dsym";
				ENABLE_NS_ASSERTIONS = NO;
				ENABLE_STRICT_OBJC_MSGSEND = YES;
				GCC_C_LANGUAGE_STANDARD = gnu11;
				GCC_NO_COMMON_BLOCKS = YES;
				GCC_WARN_64_TO_32_BIT_CONVERSION = YES;
				GCC_WARN_ABOUT_RETURN_TYPE = YES_ERROR;
				GCC_WARN_UNDECLARED_SELECTOR = YES;
				GCC_WARN_UNINITIALIZED_AUTOS = YES_AGGRESSIVE;
				GCC_WARN_UNUSED_FUNCTION = YES;
				GCC_WARN_UNUSED_VARIABLE = YES;
				IPHONEOS_DEPLOYMENT_TARGET = 15.0;
				MTL_ENABLE_DEBUG_INFO = NO;
				MTL_FAST_MATH = YES;
				SDKROOT = iphoneos;
				SWIFT_COMPILATION_MODE = wholemodule;
				SWIFT_OPTIMIZATION_LEVEL = "-O";
				VALIDATE_PRODUCT = YES;
			};
			name = Release;
		};
		FB8CBA692878A450003D6C31 /* Debug */ = {
			isa = XCBuildConfiguration;
			baseConfigurationReference = EAE68606B9AA23102C4E5E19 /* Pods-Stocks.debug.xcconfig */;
			buildSettings = {
				ASSETCATALOG_COMPILER_APPICON_NAME = AppIcon;
				ASSETCATALOG_COMPILER_GLOBAL_ACCENT_COLOR_NAME = AccentColor;
				CODE_SIGN_STYLE = Automatic;
				CURRENT_PROJECT_VERSION = 1;
				DEVELOPMENT_TEAM = 9UB7ZHBJQ4;
				GENERATE_INFOPLIST_FILE = YES;
				INFOPLIST_FILE = Stocks/Info.plist;
				INFOPLIST_KEY_UIApplicationSupportsIndirectInputEvents = YES;
				INFOPLIST_KEY_UILaunchStoryboardName = LaunchScreen;
				INFOPLIST_KEY_UISupportedInterfaceOrientations = UIInterfaceOrientationPortrait;
				INFOPLIST_KEY_UISupportedInterfaceOrientations_iPad = "UIInterfaceOrientationPortrait UIInterfaceOrientationPortraitUpsideDown UIInterfaceOrientationLandscapeLeft UIInterfaceOrientationLandscapeRight";
				INFOPLIST_KEY_UISupportedInterfaceOrientations_iPhone = "UIInterfaceOrientationPortrait UIInterfaceOrientationLandscapeLeft UIInterfaceOrientationLandscapeRight";
				IPHONEOS_DEPLOYMENT_TARGET = 13.0;
				LD_RUNPATH_SEARCH_PATHS = (
					"$(inherited)",
					"@executable_path/Frameworks",
				);
				MARKETING_VERSION = 1.0;
				PRODUCT_BUNDLE_IDENTIFIER = com.denizcengiz.Stocks;
				PRODUCT_NAME = "$(TARGET_NAME)";
				SWIFT_EMIT_LOC_STRINGS = YES;
				SWIFT_VERSION = 5.0;
				TARGETED_DEVICE_FAMILY = 1;
			};
			name = Debug;
		};
		FB8CBA6A2878A450003D6C31 /* Release */ = {
			isa = XCBuildConfiguration;
			baseConfigurationReference = 0291AB1E5D8DFC09397E96BA /* Pods-Stocks.release.xcconfig */;
			buildSettings = {
				ASSETCATALOG_COMPILER_APPICON_NAME = AppIcon;
				ASSETCATALOG_COMPILER_GLOBAL_ACCENT_COLOR_NAME = AccentColor;
				CODE_SIGN_STYLE = Automatic;
				CURRENT_PROJECT_VERSION = 1;
				DEVELOPMENT_TEAM = 9UB7ZHBJQ4;
				GENERATE_INFOPLIST_FILE = YES;
				INFOPLIST_FILE = Stocks/Info.plist;
				INFOPLIST_KEY_UIApplicationSupportsIndirectInputEvents = YES;
				INFOPLIST_KEY_UILaunchStoryboardName = LaunchScreen;
				INFOPLIST_KEY_UISupportedInterfaceOrientations = UIInterfaceOrientationPortrait;
				INFOPLIST_KEY_UISupportedInterfaceOrientations_iPad = "UIInterfaceOrientationPortrait UIInterfaceOrientationPortraitUpsideDown UIInterfaceOrientationLandscapeLeft UIInterfaceOrientationLandscapeRight";
				INFOPLIST_KEY_UISupportedInterfaceOrientations_iPhone = "UIInterfaceOrientationPortrait UIInterfaceOrientationLandscapeLeft UIInterfaceOrientationLandscapeRight";
				IPHONEOS_DEPLOYMENT_TARGET = 13.0;
				LD_RUNPATH_SEARCH_PATHS = (
					"$(inherited)",
					"@executable_path/Frameworks",
				);
				MARKETING_VERSION = 1.0;
				PRODUCT_BUNDLE_IDENTIFIER = com.denizcengiz.Stocks;
				PRODUCT_NAME = "$(TARGET_NAME)";
				SWIFT_EMIT_LOC_STRINGS = YES;
				SWIFT_VERSION = 5.0;
				TARGETED_DEVICE_FAMILY = 1;
			};
			name = Release;
		};
/* End XCBuildConfiguration section */

/* Begin XCConfigurationList section */
		FB8CBA4F2878A44B003D6C31 /* Build configuration list for PBXProject "Stocks" */ = {
			isa = XCConfigurationList;
			buildConfigurations = (
				FB8CBA662878A450003D6C31 /* Debug */,
				FB8CBA672878A450003D6C31 /* Release */,
			);
			defaultConfigurationIsVisible = 0;
			defaultConfigurationName = Release;
		};
		FB8CBA682878A450003D6C31 /* Build configuration list for PBXNativeTarget "Stocks" */ = {
			isa = XCConfigurationList;
			buildConfigurations = (
				FB8CBA692878A450003D6C31 /* Debug */,
				FB8CBA6A2878A450003D6C31 /* Release */,
			);
			defaultConfigurationIsVisible = 0;
			defaultConfigurationName = Release;
		};
/* End XCConfigurationList section */
	};
	rootObject = FB8CBA4C2878A44B003D6C31 /* Project object */;
}
